{
  "name": "Audiodeadline",
  "version": "0.0.2",
  "lockfileVersion": 1,
  "dependencies": {
    "addressparser": {
      "version": "0.3.2",
      "resolved": "https://registry.npmjs.org/addressparser/-/addressparser-0.3.2.tgz",
      "integrity": "sha1-WYc/Nej89sc2HBAjkmHXbhU0i7I="
    },
    "aws-sdk": {
      "version": "2.0.5",
      "resolved": "https://registry.npmjs.org/aws-sdk/-/aws-sdk-2.0.5.tgz",
      "integrity": "sha1-8+uxiY0GMre2Zy6Nd3KMu7afmMY="
    },
    "aws-sdk-apis": {
      "version": "3.1.10",
      "resolved": "https://registry.npmjs.org/aws-sdk-apis/-/aws-sdk-apis-3.1.10.tgz",
      "integrity": "sha1-Tu2X9ZChbPCA/RuNjP3yRy3oqw4="
    },
    "core-util-is": {
      "version": "1.0.2",
      "resolved": "https://registry.npmjs.org/core-util-is/-/core-util-is-1.0.2.tgz",
      "integrity": "sha1-tf1UIgqivFq1eqtxQMlAdUUDwac=",
      "optional": true
    },
    "directmail": {
      "version": "0.1.8",
      "resolved": "https://registry.npmjs.org/directmail/-/directmail-0.1.8.tgz",
      "integrity": "sha1-5IUsigxVGb70kE/Nltdggi9CpEY="
    },
    "dkim-signer": {
      "version": "0.1.2",
      "resolved": "https://registry.npmjs.org/dkim-signer/-/dkim-signer-0.1.2.tgz",
      "integrity": "sha1-L/XWHIfY+/9aixMc/8XsO6HCVVM="
    },
    "encoding": {
      "version": "0.1.12",
      "resolved": "https://registry.npmjs.org/encoding/-/encoding-0.1.12.tgz",
      "integrity": "sha1-U4tm8+5izRq1HsMjgp0flIDHS+s="
    },
    "follow-redirects": {
      "version": "0.0.3",
      "resolved": "https://registry.npmjs.org/follow-redirects/-/follow-redirects-0.0.3.tgz",
      "integrity": "sha1-bOZ6JNsf4T8ibBFxpyp+8rF7j2U="
    },
    "he": {
      "version": "0.3.6",
      "resolved": "https://registry.npmjs.org/he/-/he-0.3.6.tgz",
      "integrity": "sha1-nXvERud5Y5MzAd1gLVcxy4YRNeA="
    },
    "iconv-lite": {
      "version": "0.4.18",
      "resolved": "https://registry.npmjs.org/iconv-lite/-/iconv-lite-0.4.18.tgz",
      "integrity": "sha512-sr1ZQph3UwHTR0XftSbK85OvBbxe/abLGzEnPENCQwmHf7sck8Oyu4ob3LgBxWWxRoM+QszeUyl7jbqapu2TqA=="
    },
    "inherits": {
      "version": "2.0.3",
      "resolved": "https://registry.npmjs.org/inherits/-/inherits-2.0.3.tgz",
      "integrity": "sha1-Yzwsg+PaQqUC9SRmAiSA9CCCYd4=",
      "optional": true
    },
    "isarray": {
      "version": "0.0.1",
      "resolved": "https://registry.npmjs.org/isarray/-/isarray-0.0.1.tgz",
      "integrity": "sha1-ihis/Kmo9Bd+Cav8YDiTmwXR7t8=",
      "optional": true
    },
    "mailcomposer": {
      "version": "0.2.12",
      "resolved": "https://registry.npmjs.org/mailcomposer/-/mailcomposer-0.2.12.tgz",
      "integrity": "sha1-TQKmBGFq3LRfs203UT9MG9C3VoE="
    },
    "mime": {
      "version": "1.2.11",
      "resolved": "https://registry.npmjs.org/mime/-/mime-1.2.11.tgz",
      "integrity": "sha1-WCA+7Ybjpe8XrtK32evUfwpg3RA="
    },
    "mimelib": {
      "version": "0.2.19",
      "resolved": "https://registry.npmjs.org/mimelib/-/mimelib-0.2.19.tgz",
      "integrity": "sha1-N+yQpqx9AJVIUdCywxYY8KSdoO4="
    },
    "nodemailer": {
      "version": "0.7.1",
      "resolved": "https://registry.npmjs.org/nodemailer/-/nodemailer-0.7.1.tgz",
      "integrity": "sha1-HsgZ4kNiIwCgCr50bLXTOJwPMWw="
    },
    "public-address": {
      "version": "0.1.2",
      "resolved": "https://registry.npmjs.org/public-address/-/public-address-0.1.2.tgz",
      "integrity": "sha1-+V8+DPKLifllsPGI/RJnrAhWVS8="
    },
    "punycode": {
      "version": "1.2.4",
      "resolved": "https://registry.npmjs.org/punycode/-/punycode-1.2.4.tgz",
      "integrity": "sha1-VACKyXKux0F13vnLpt9/qdORh0A="
    },
    "rai": {
      "version": "0.1.12",
      "resolved": "https://registry.npmjs.org/rai/-/rai-0.1.12.tgz",
      "integrity": "sha1-jM/QFND5YIYw3XPBm45LBXdUpqY="
    },
    "readable-stream": {
      "version": "1.1.14",
      "resolved": "https://registry.npmjs.org/readable-stream/-/readable-stream-1.1.14.tgz",
      "integrity": "sha1-fPTFTvZI44EwhMY23SB54WbAgdk=",
      "optional": true
    },
    "sax": {
      "version": "0.4.2",
      "resolved": "https://registry.npmjs.org/sax/-/sax-0.4.2.tgz",
      "integrity": "sha1-OfO2AXM9a+yXEFskKipA/Wl4rDw="
    },
    "simplesmtp": {
      "version": "0.3.35",
      "resolved": "https://registry.npmjs.org/simplesmtp/-/simplesmtp-0.3.35.tgz",
      "integrity": "sha1-AXseuLJjF6w20qKoqTJjGIBzagM="
    },
    "string_decoder": {
      "version": "0.10.31",
      "resolved": "https://registry.npmjs.org/string_decoder/-/string_decoder-0.10.31.tgz",
      "integrity": "sha1-YuIDvEF2bGwoyfyEMB2rHFMQ+pQ=",
      "optional": true
    },
    "underscore": {
      "version": "1.8.3",
      "resolved": "https://registry.npmjs.org/underscore/-/underscore-1.8.3.tgz",
      "integrity": "sha1-Tz+1OxBuYJf8+ctBCfKl6b36UCI="
    },
    "xml2js": {
      "version": "0.2.6",
      "resolved": "https://registry.npmjs.org/xml2js/-/xml2js-0.2.6.tgz",
      "integrity": "sha1-0gnE5N2h/JxFIUHvQcB39a399sQ="
    },
    "xmlbuilder": {
      "version": "0.4.2",
      "resolved": "https://registry.npmjs.org/xmlbuilder/-/xmlbuilder-0.4.2.tgz",
      "integrity": "sha1-F3bWXz/brUcKCNhgTN6xxOVA/4M="
    },
    "xoauth2": {
      "version": "0.1.8",
      "resolved": "https://registry.npmjs.org/xoauth2/-/xoauth2-0.1.8.tgz",
      "integrity": "sha1-uRb/EOz7VDIPFvJKPpdRIGU6sNI="
    }
  }
}
